
Microsoft Visual Studio Solution File, Format Version 12.00
# Visual Studio Version 17
VisualStudioVersion = 17.13.36105.23 d17.13
MinimumVisualStudioVersion = 10.0.40219.1
Project("{FAE04EC0-301F-11D3-BF4B-00C04F79EFBC}") = "MauiAppHotel", "MauiAppHotel\MauiAppHotel.csproj", "{6019E22C-4800-4885-90F5-E42119C9F50D}"
EndProject
Global
	GlobalSection(SolutionConfigurationPlatforms) = preSolution
		Debug|Any CPU = Debug|Any CPU
		Release|Any CPU = Release|Any CPU
	EndGlobalSection
	GlobalSection(ProjectConfigurationPlatforms) = postSolution
		{6019E22C-4800-4885-90F5-E42119C9F50D}.Debug|Any CPU.ActiveCfg = Debug|Any CPU
		{6019E22C-4800-4885-90F5-E42119C9F50D}.Debug|Any CPU.Build.0 = Debug|Any CPU
		{6019E22C-4800-4885-90F5-E42119C9F50D}.Debug|Any CPU.Deploy.0 = Debug|Any CPU
		{6019E22C-4800-4885-90F5-E42119C9F50D}.Release|Any CPU.ActiveCfg = Release|Any CPU
		{6019E22C-4800-4885-90F5-E42119C9F50D}.Release|Any CPU.Build.0 = Release|Any CPU
		{6019E22C-4800-4885-90F5-E42119C9F50D}.Release|Any CPU.Deploy.0 = Release|Any CPU
	EndGlobalSection
	GlobalSection(SolutionProperties) = preSolution
		HideSolutionNode = FALSE
	EndGlobalSection
	GlobalSection(ExtensibilityGlobals) = postSolution
		SolutionGuid = {0E23369C-E9E6-4A29-A86B-EF1C8243FA1B}
	EndGlobalSection
EndGlobal
